
Microsoft Visual Studio Solution File, Format Version 12.00
# Visual Studio 15
VisualStudioVersion = 15.0.26730.12
MinimumVisualStudioVersion = 10.0.40219.1
Project("{FAE04EC0-301F-11D3-BF4B-00C04F79EFBC}") = "Personal Midas", "Personal Midas\Personal Midas.csproj", "{4A3E956D-29B5-4821-A971-236F99AC02E7}"
EndProject
Project("{FAE04EC0-301F-11D3-BF4B-00C04F79EFBC}") = "Personal Midas Log Reader", "Personal Midas Log Reader\Personal Midas Log Reader.csproj", "{F8A58C2E-E73B-428C-88B5-5B4BA098242F}"
EndProject
Global
	GlobalSection(SolutionConfigurationPlatforms) = preSolution
		Debug|Any CPU = Debug|Any CPU
		Release|Any CPU = Release|Any CPU
	EndGlobalSection
	GlobalSection(ProjectConfigurationPlatforms) = postSolution
		{4A3E956D-29B5-4821-A971-236F99AC02E7}.Debug|Any CPU.ActiveCfg = Debug|Any CPU
		{4A3E956D-29B5-4821-A971-236F99AC02E7}.Debug|Any CPU.Build.0 = Debug|Any CPU
		{4A3E956D-29B5-4821-A971-236F99AC02E7}.Release|Any CPU.ActiveCfg = Release|Any CPU
		{4A3E956D-29B5-4821-A971-236F99AC02E7}.Release|Any CPU.Build.0 = Release|Any CPU
		{F8A58C2E-E73B-428C-88B5-5B4BA098242F}.Debug|Any CPU.ActiveCfg = Debug|Any CPU
		{F8A58C2E-E73B-428C-88B5-5B4BA098242F}.Debug|Any CPU.Build.0 = Debug|Any CPU
		{F8A58C2E-E73B-428C-88B5-5B4BA098242F}.Release|Any CPU.ActiveCfg = Release|Any CPU
		{F8A58C2E-E73B-428C-88B5-5B4BA098242F}.Release|Any CPU.Build.0 = Release|Any CPU
	EndGlobalSection
	GlobalSection(SolutionProperties) = preSolution
		HideSolutionNode = FALSE
	EndGlobalSection
	GlobalSection(ExtensibilityGlobals) = postSolution
		SolutionGuid = {864C5187-D105-490F-A613-5F2D1302AAC0}
	EndGlobalSection
EndGlobal
